{
  "name": "haxteroids",
  "version": "0.0.0",
  "lockfileVersion": 2,
  "requires": true,
  "packages": {
    "": {
      "name": "haxteroids",
      "version": "0.0.0",
      "hasInstallScript": true,
      "license": "LGPL-3.0-or-later",
      "bin": {
        "boom.ogg": "dist/res/boom.ogg",
        "haxteroids.d.ts": "dist/incl/haxteroids.d.ts",
        "haxteroids.d.ts.map": "dist/incl/haxteroids.d.ts.map",
        "haxteroids.htm": "dist/haxteroids.htm",
        "haxteroids.js": "dist/incl/haxteroids.js",
        "haxteroids.js.map": "dist/incl/haxteroids.js.map",
        "menu(1, 0).png": "dist/res/menu(1, 0).png",
        "menu(1, 1).png": "dist/res/menu(1, 1).png",
        "menu(2, 0).png": "dist/res/menu(2, 0).png",
        "menu(2, 1).png": "dist/res/menu(2, 1).png",
        "mono.ogg": "dist/res/mono.ogg",
        "Report.pdf": "dist/res/Report.pdf",
        "rock.png": "dist/res/rock.png",
        "ship.ogg": "dist/res/ship.ogg",
        "ship.png": "dist/res/ship.png",
        "shiphot.png": "dist/res/shiphot.png",
        "shot.ogg": "dist/res/shot.ogg",
        "shot.png": "dist/res/shot.png",
        "style.css": "dist/style.css",
        "thrust.ogg": "dist/res/thrust.ogg"
      },
      "devDependencies": {
        "tslib": "^2",
        "typescript": "^4"
      },
      "engines": {
        "npm": "^8"
      }
    },
    "node_modules/tslib": {
      "version": "2.4.0",
      "resolved": "https://registry.npmjs.org/tslib/-/tslib-2.4.0.tgz",
      "integrity": "sha512-d6xOpEDfsi2CZVlPQzGeux8XMwLT9hssAsaPYExaQMuYskwb+x1x7J371tWlbBdWHroy99KnVB6qIkUbs5X3UQ==",
      "dev": true
    },
    "node_modules/typescript": {
      "version": "4.6.4",
      "resolved": "https://registry.npmjs.org/typescript/-/typescript-4.6.4.tgz",
      "integrity": "sha512-9ia/jWHIEbo49HfjrLGfKbZSuWo9iTMwXO+Ca3pRsSpbsMbc7/IU8NKdCZVRRBafVPGnoJeFL76ZOAA84I9fEg==",
      "dev": true,
      "bin": {
        "tsc": "bin/tsc",
        "tsserver": "bin/tsserver"
      },
      "engines": {
        "node": ">=4.2.0"
      }
    }
  },
  "dependencies": {
    "tslib": {
      "version": "2.4.0",
      "resolved": "https://registry.npmjs.org/tslib/-/tslib-2.4.0.tgz",
      "integrity": "sha512-d6xOpEDfsi2CZVlPQzGeux8XMwLT9hssAsaPYExaQMuYskwb+x1x7J371tWlbBdWHroy99KnVB6qIkUbs5X3UQ==",
      "dev": true
    },
    "typescript": {
      "version": "4.6.4",
      "resolved": "https://registry.npmjs.org/typescript/-/typescript-4.6.4.tgz",
      "integrity": "sha512-9ia/jWHIEbo49HfjrLGfKbZSuWo9iTMwXO+Ca3pRsSpbsMbc7/IU8NKdCZVRRBafVPGnoJeFL76ZOAA84I9fEg==",
      "dev": true
    }
  }
}
